
Microsoft Visual Studio Solution File, Format Version 12.00
# Visual Studio Version 17
VisualStudioVersion = 17.3.32819.101
MinimumVisualStudioVersion = 10.0.40219.1
Project("{FAE04EC0-301F-11D3-BF4B-00C04F79EFBC}") = "ITPE3200-Prosjekt1", "ITPE3200-Prosjekt1\ITPE3200-Prosjekt1.csproj", "{622B2D75-3543-4935-BAA8-25D3F3A9C607}"
EndProject
Global
	GlobalSection(SolutionConfigurationPlatforms) = preSolution
		Debug|Any CPU = Debug|Any CPU
		Release|Any CPU = Release|Any CPU
	EndGlobalSection
	GlobalSection(ProjectConfigurationPlatforms) = postSolution
		{622B2D75-3543-4935-BAA8-25D3F3A9C607}.Debug|Any CPU.ActiveCfg = Debug|Any CPU
		{622B2D75-3543-4935-BAA8-25D3F3A9C607}.Debug|Any CPU.Build.0 = Debug|Any CPU
		{622B2D75-3543-4935-BAA8-25D3F3A9C607}.Release|Any CPU.ActiveCfg = Release|Any CPU
		{622B2D75-3543-4935-BAA8-25D3F3A9C607}.Release|Any CPU.Build.0 = Release|Any CPU
	EndGlobalSection
	GlobalSection(SolutionProperties) = preSolution
		HideSolutionNode = FALSE
	EndGlobalSection
	GlobalSection(ExtensibilityGlobals) = postSolution
		SolutionGuid = {EAFBA894-F62F-4844-BEAD-D9FE335A8988}
	EndGlobalSection
EndGlobal
